
Microsoft Visual Studio Solution File, Format Version 12.00
# Visual Studio 15
VisualStudioVersion = 15.0.26124.0
MinimumVisualStudioVersion = 15.0.26124.0
Project("{FAE04EC0-301F-11D3-BF4B-00C04F79EFBC}") = "Jarvus", "Jarvus\Jarvus.csproj", "{4E0AFB22-89E6-4F5B-BCD6-913CA7F70F29}"
EndProject
Project("{FAE04EC0-301F-11D3-BF4B-00C04F79EFBC}") = "Jarvus.Tests", "Jarvus.Tests\Jarvus.Tests.csproj", "{7C0FFCF7-098F-460D-9F95-8053926330FB}"
EndProject
Global
	GlobalSection(SolutionConfigurationPlatforms) = preSolution
		Debug|Any CPU = Debug|Any CPU
		Debug|x64 = Debug|x64
		Debug|x86 = Debug|x86
		Release|Any CPU = Release|Any CPU
		Release|x64 = Release|x64
		Release|x86 = Release|x86
	EndGlobalSection
	GlobalSection(SolutionProperties) = preSolution
		HideSolutionNode = FALSE
	EndGlobalSection
	GlobalSection(ProjectConfigurationPlatforms) = postSolution
		{4E0AFB22-89E6-4F5B-BCD6-913CA7F70F29}.Debug|Any CPU.ActiveCfg = Debug|Any CPU
		{4E0AFB22-89E6-4F5B-BCD6-913CA7F70F29}.Debug|Any CPU.Build.0 = Debug|Any CPU
		{4E0AFB22-89E6-4F5B-BCD6-913CA7F70F29}.Debug|x64.ActiveCfg = Debug|x64
		{4E0AFB22-89E6-4F5B-BCD6-913CA7F70F29}.Debug|x64.Build.0 = Debug|x64
		{4E0AFB22-89E6-4F5B-BCD6-913CA7F70F29}.Debug|x86.ActiveCfg = Debug|x86
		{4E0AFB22-89E6-4F5B-BCD6-913CA7F70F29}.Debug|x86.Build.0 = Debug|x86
		{4E0AFB22-89E6-4F5B-BCD6-913CA7F70F29}.Release|Any CPU.ActiveCfg = Release|Any CPU
		{4E0AFB22-89E6-4F5B-BCD6-913CA7F70F29}.Release|Any CPU.Build.0 = Release|Any CPU
		{4E0AFB22-89E6-4F5B-BCD6-913CA7F70F29}.Release|x64.ActiveCfg = Release|x64
		{4E0AFB22-89E6-4F5B-BCD6-913CA7F70F29}.Release|x64.Build.0 = Release|x64
		{4E0AFB22-89E6-4F5B-BCD6-913CA7F70F29}.Release|x86.ActiveCfg = Release|x86
		{4E0AFB22-89E6-4F5B-BCD6-913CA7F70F29}.Release|x86.Build.0 = Release|x86
		{7C0FFCF7-098F-460D-9F95-8053926330FB}.Debug|Any CPU.ActiveCfg = Debug|Any CPU
		{7C0FFCF7-098F-460D-9F95-8053926330FB}.Debug|Any CPU.Build.0 = Debug|Any CPU
		{7C0FFCF7-098F-460D-9F95-8053926330FB}.Debug|x64.ActiveCfg = Debug|x64
		{7C0FFCF7-098F-460D-9F95-8053926330FB}.Debug|x64.Build.0 = Debug|x64
		{7C0FFCF7-098F-460D-9F95-8053926330FB}.Debug|x86.ActiveCfg = Debug|x86
		{7C0FFCF7-098F-460D-9F95-8053926330FB}.Debug|x86.Build.0 = Debug|x86
		{7C0FFCF7-098F-460D-9F95-8053926330FB}.Release|Any CPU.ActiveCfg = Release|Any CPU
		{7C0FFCF7-098F-460D-9F95-8053926330FB}.Release|Any CPU.Build.0 = Release|Any CPU
		{7C0FFCF7-098F-460D-9F95-8053926330FB}.Release|x64.ActiveCfg = Release|x64
		{7C0FFCF7-098F-460D-9F95-8053926330FB}.Release|x64.Build.0 = Release|x64
		{7C0FFCF7-098F-460D-9F95-8053926330FB}.Release|x86.ActiveCfg = Release|x86
		{7C0FFCF7-098F-460D-9F95-8053926330FB}.Release|x86.Build.0 = Release|x86
	EndGlobalSection
EndGlobal
